
Microsoft Visual Studio Solution File, Format Version 11.00
# Visual Studio 2010
Project("{8BC9CEB8-8B4A-11D0-8D11-00A0C91BC942}") = "BTTVanilla", "BTTVanilla.vcxproj", "{85087EE2-C3C6-46C6-81A3-F547604BFE37}"
EndProject
Global
	GlobalSection(SolutionConfigurationPlatforms) = preSolution
		Debug|Win32 = Debug|Win32
		Release|Win32 = Release|Win32
	EndGlobalSection
	GlobalSection(ProjectConfigurationPlatforms) = postSolution
		{85087EE2-C3C6-46C6-81A3-F547604BFE37}.Debug|Win32.ActiveCfg = Debug|Win32
		{85087EE2-C3C6-46C6-81A3-F547604BFE37}.Debug|Win32.Build.0 = Debug|Win32
		{85087EE2-C3C6-46C6-81A3-F547604BFE37}.Release|Win32.ActiveCfg = Release|Win32
		{85087EE2-C3C6-46C6-81A3-F547604BFE37}.Release|Win32.Build.0 = Release|Win32
	EndGlobalSection
	GlobalSection(SolutionProperties) = preSolution
		HideSolutionNode = FALSE
	EndGlobalSection
EndGlobal
