
Microsoft Visual Studio Solution File, Format Version 11.00
# Visual Studio 2010
Project("{8BC9CEB8-8B4A-11D0-8D11-00A0C91BC942}") = "IfStructure", "IfStructure.vcxproj", "{0B93A0F6-F2F8-4D51-91AB-B95B461C1718}"
EndProject
Global
	GlobalSection(SolutionConfigurationPlatforms) = preSolution
		Debug|Win32 = Debug|Win32
		Release|Win32 = Release|Win32
	EndGlobalSection
	GlobalSection(ProjectConfigurationPlatforms) = postSolution
		{0B93A0F6-F2F8-4D51-91AB-B95B461C1718}.Debug|Win32.ActiveCfg = Debug|Win32
		{0B93A0F6-F2F8-4D51-91AB-B95B461C1718}.Debug|Win32.Build.0 = Debug|Win32
		{0B93A0F6-F2F8-4D51-91AB-B95B461C1718}.Release|Win32.ActiveCfg = Release|Win32
		{0B93A0F6-F2F8-4D51-91AB-B95B461C1718}.Release|Win32.Build.0 = Release|Win32
	EndGlobalSection
	GlobalSection(SolutionProperties) = preSolution
		HideSolutionNode = FALSE
	EndGlobalSection
EndGlobal
